// !$*UTF8*$!
{
	archiveVersion = 1;
	classes = {
	};
	objectVersion = 50;
	objects = {

/* Begin PBXBuildFile section */
		91062D0326A1CB5100C44739 /* MemoryAddView.swift in Sources */ = {isa = PBXBuildFile; fileRef = 91062D0226A1CB5100C44739 /* MemoryAddView.swift */; };
		910700E12746EE42004919C0 /* FolderEditView.swift in Sources */ = {isa = PBXBuildFile; fileRef = 910700E02746EE42004919C0 /* FolderEditView.swift */; };
		910700E3274911E2004919C0 /* ImageCroppingView.swift in Sources */ = {isa = PBXBuildFile; fileRef = 910700E2274911E1004919C0 /* ImageCroppingView.swift */; };
		910A0C4F274423B000E7A42D /* MemoryModel.swift in Sources */ = {isa = PBXBuildFile; fileRef = 910A0C4D274423B000E7A42D /* MemoryModel.swift */; };
		910A0C50274423B000E7A42D /* FolderModel.swift in Sources */ = {isa = PBXBuildFile; fileRef = 910A0C4E274423B000E7A42D /* FolderModel.swift */; };
		910A0C542744248A00E7A42D /* Persistence.swift in Sources */ = {isa = PBXBuildFile; fileRef = 910A0C532744248A00E7A42D /* Persistence.swift */; };
		910A0C592744249500E7A42D /* Folder+CoreDataClass.swift in Sources */ = {isa = PBXBuildFile; fileRef = 910A0C552744249400E7A42D /* Folder+CoreDataClass.swift */; };
		910A0C5A2744249500E7A42D /* Folder+CoreDataProperties.swift in Sources */ = {isa = PBXBuildFile; fileRef = 910A0C562744249400E7A42D /* Folder+CoreDataProperties.swift */; };
		910A0C5B2744249500E7A42D /* Memory+CoreDataProperties.swift in Sources */ = {isa = PBXBuildFile; fileRef = 910A0C572744249500E7A42D /* Memory+CoreDataProperties.swift */; };
		910A0C5C2744249500E7A42D /* Memory+CoreDataClass.swift in Sources */ = {isa = PBXBuildFile; fileRef = 910A0C582744249500E7A42D /* Memory+CoreDataClass.swift */; };
		910A0C5D2744280B00E7A42D /* Memories.xcdatamodeld in Resources */ = {isa = PBXBuildFile; fileRef = 9171FFC826D7C72500924E2F /* Memories.xcdatamodeld */; };
		912B6B3426AF754F00E78093 /* ImagePicker.swift in Sources */ = {isa = PBXBuildFile; fileRef = 912B6B3326AF754E00E78093 /* ImagePicker.swift */; };
		91326C97269872900044F71D /* View+Extensions.swift in Sources */ = {isa = PBXBuildFile; fileRef = 91326C96269872900044F71D /* View+Extensions.swift */; };
		91326C9A269872B50044F71D /* TextStyles.swift in Sources */ = {isa = PBXBuildFile; fileRef = 91326C99269872B50044F71D /* TextStyles.swift */; };
		91326CAB2698769B0044F71D /* MemoryCellView.swift in Sources */ = {isa = PBXBuildFile; fileRef = 91326CAA2698769B0044F71D /* MemoryCellView.swift */; };
		91441A7F2697022500F44AE3 /* memoriesApp.swift in Sources */ = {isa = PBXBuildFile; fileRef = 91441A7E2697022500F44AE3 /* memoriesApp.swift */; };
		91441A832697024500F44AE3 /* Assets.xcassets in Resources */ = {isa = PBXBuildFile; fileRef = 91441A822697024500F44AE3 /* Assets.xcassets */; };
		91441A862697024500F44AE3 /* Preview Assets.xcassets in Resources */ = {isa = PBXBuildFile; fileRef = 91441A852697024500F44AE3 /* Preview Assets.xcassets */; };
		91713F5426D561DE00311680 /* 1024_icon.png in Resources */ = {isa = PBXBuildFile; fileRef = 91713F5326D561DE00311680 /* 1024_icon.png */; };
		918495D526C5365500362A84 /* NSManaged+Helpers.swift in Sources */ = {isa = PBXBuildFile; fileRef = 918495D426C5365500362A84 /* NSManaged+Helpers.swift */; };
		918495DB26C53AA100362A84 /* Helper.swift in Sources */ = {isa = PBXBuildFile; fileRef = 918495DA26C53AA100362A84 /* Helper.swift */; };
		91B0578426984CBB003E4963 /* MemoriesView.swift in Sources */ = {isa = PBXBuildFile; fileRef = 91B0578326984CBB003E4963 /* MemoriesView.swift */; };
		91C0454426C7FA4800E29DDC /* MemoryEditView.swift in Sources */ = {isa = PBXBuildFile; fileRef = 91C0454326C7FA4800E29DDC /* MemoryEditView.swift */; };
		91C0454826CA603600E29DDC /* FoldersView.swift in Sources */ = {isa = PBXBuildFile; fileRef = 91C0454726CA603600E29DDC /* FoldersView.swift */; };
		91C0454A26CA83F600E29DDC /* FolderCellView.swift in Sources */ = {isa = PBXBuildFile; fileRef = 91C0454926CA83F500E29DDC /* FolderCellView.swift */; };
		91C0454C26CA858E00E29DDC /* FolderAddView.swift in Sources */ = {isa = PBXBuildFile; fileRef = 91C0454B26CA858E00E29DDC /* FolderAddView.swift */; };
		91CAE44F27453A4C0020D0DB /* CellButtons.swift in Sources */ = {isa = PBXBuildFile; fileRef = 91CAE44E27453A4C0020D0DB /* CellButtons.swift */; };
		91CAE451274622320020D0DB /* ButtonStyle.swift in Sources */ = {isa = PBXBuildFile; fileRef = 91CAE450274622320020D0DB /* ButtonStyle.swift */; };
		91E78DE826A73E9D00A6913F /* MemoryView.swift in Sources */ = {isa = PBXBuildFile; fileRef = 91E78DE726A73E9D00A6913F /* MemoryView.swift */; };
/* End PBXBuildFile section */

/* Begin PBXFileReference section */
		91062D0226A1CB5100C44739 /* MemoryAddView.swift */ = {isa = PBXFileReference; lastKnownFileType = sourcecode.swift; path = MemoryAddView.swift; sourceTree = "<group>"; };
		910700E02746EE42004919C0 /* FolderEditView.swift */ = {isa = PBXFileReference; lastKnownFileType = sourcecode.swift; path = FolderEditView.swift; sourceTree = "<group>"; };
		910700E2274911E1004919C0 /* ImageCroppingView.swift */ = {isa = PBXFileReference; lastKnownFileType = sourcecode.swift; path = ImageCroppingView.swift; sourceTree = "<group>"; };
		910A0C4D274423B000E7A42D /* MemoryModel.swift */ = {isa = PBXFileReference; fileEncoding = 4; lastKnownFileType = sourcecode.swift; path = MemoryModel.swift; sourceTree = "<group>"; };
		910A0C4E274423B000E7A42D /* FolderModel.swift */ = {isa = PBXFileReference; fileEncoding = 4; lastKnownFileType = sourcecode.swift; path = FolderModel.swift; sourceTree = "<group>"; };
		910A0C532744248A00E7A42D /* Persistence.swift */ = {isa = PBXFileReference; fileEncoding = 4; lastKnownFileType = sourcecode.swift; path = Persistence.swift; sourceTree = "<group>"; };
		910A0C552744249400E7A42D /* Folder+CoreDataClass.swift */ = {isa = PBXFileReference; fileEncoding = 4; lastKnownFileType = sourcecode.swift; path = "Folder+CoreDataClass.swift"; sourceTree = "<group>"; };
		910A0C562744249400E7A42D /* Folder+CoreDataProperties.swift */ = {isa = PBXFileReference; fileEncoding = 4; lastKnownFileType = sourcecode.swift; path = "Folder+CoreDataProperties.swift"; sourceTree = "<group>"; };
		910A0C572744249500E7A42D /* Memory+CoreDataProperties.swift */ = {isa = PBXFileReference; fileEncoding = 4; lastKnownFileType = sourcecode.swift; path = "Memory+CoreDataProperties.swift"; sourceTree = "<group>"; };
		910A0C582744249500E7A42D /* Memory+CoreDataClass.swift */ = {isa = PBXFileReference; fileEncoding = 4; lastKnownFileType = sourcecode.swift; path = "Memory+CoreDataClass.swift"; sourceTree = "<group>"; };
		912B6B3326AF754E00E78093 /* ImagePicker.swift */ = {isa = PBXFileReference; lastKnownFileType = sourcecode.swift; path = ImagePicker.swift; sourceTree = "<group>"; };
		91326C96269872900044F71D /* View+Extensions.swift */ = {isa = PBXFileReference; lastKnownFileType = sourcecode.swift; path = "View+Extensions.swift"; sourceTree = "<group>"; };
		91326C99269872B50044F71D /* TextStyles.swift */ = {isa = PBXFileReference; lastKnownFileType = sourcecode.swift; path = TextStyles.swift; sourceTree = "<group>"; };
		91326CAA2698769B0044F71D /* MemoryCellView.swift */ = {isa = PBXFileReference; lastKnownFileType = sourcecode.swift; path = MemoryCellView.swift; sourceTree = "<group>"; };
		91441A7B2697022400F44AE3 /* memories.app */ = {isa = PBXFileReference; explicitFileType = wrapper.application; includeInIndex = 0; path = memories.app; sourceTree = BUILT_PRODUCTS_DIR; };
		91441A7E2697022500F44AE3 /* memoriesApp.swift */ = {isa = PBXFileReference; lastKnownFileType = sourcecode.swift; path = memoriesApp.swift; sourceTree = "<group>"; };
		91441A822697024500F44AE3 /* Assets.xcassets */ = {isa = PBXFileReference; lastKnownFileType = folder.assetcatalog; path = Assets.xcassets; sourceTree = "<group>"; };
		91441A852697024500F44AE3 /* Preview Assets.xcassets */ = {isa = PBXFileReference; lastKnownFileType = folder.assetcatalog; path = "Preview Assets.xcassets"; sourceTree = "<group>"; };
		91441A872697024500F44AE3 /* Info.plist */ = {isa = PBXFileReference; lastKnownFileType = text.plist.xml; path = Info.plist; sourceTree = "<group>"; };
		91713F5326D561DE00311680 /* 1024_icon.png */ = {isa = PBXFileReference; lastKnownFileType = image.png; name = 1024_icon.png; path = ../../../Desktop/icons/memories/1024_icon.png; sourceTree = "<group>"; };
		9171FFC926D7C72500924E2F /* Commentarium.xcdatamodel */ = {isa = PBXFileReference; lastKnownFileType = wrapper.xcdatamodel; path = Commentarium.xcdatamodel; sourceTree = "<group>"; };
		918495D426C5365500362A84 /* NSManaged+Helpers.swift */ = {isa = PBXFileReference; lastKnownFileType = sourcecode.swift; path = "NSManaged+Helpers.swift"; sourceTree = "<group>"; };
		918495DA26C53AA100362A84 /* Helper.swift */ = {isa = PBXFileReference; fileEncoding = 4; lastKnownFileType = sourcecode.swift; path = Helper.swift; sourceTree = "<group>"; };
		91B0578326984CBB003E4963 /* MemoriesView.swift */ = {isa = PBXFileReference; lastKnownFileType = sourcecode.swift; path = MemoriesView.swift; sourceTree = "<group>"; };
		91C0454326C7FA4800E29DDC /* MemoryEditView.swift */ = {isa = PBXFileReference; lastKnownFileType = sourcecode.swift; path = MemoryEditView.swift; sourceTree = "<group>"; };
		91C0454726CA603600E29DDC /* FoldersView.swift */ = {isa = PBXFileReference; lastKnownFileType = sourcecode.swift; path = FoldersView.swift; sourceTree = "<group>"; };
		91C0454926CA83F500E29DDC /* FolderCellView.swift */ = {isa = PBXFileReference; lastKnownFileType = sourcecode.swift; path = FolderCellView.swift; sourceTree = "<group>"; };
		91C0454B26CA858E00E29DDC /* FolderAddView.swift */ = {isa = PBXFileReference; lastKnownFileType = sourcecode.swift; path = FolderAddView.swift; sourceTree = "<group>"; };
		91CAE44E27453A4C0020D0DB /* CellButtons.swift */ = {isa = PBXFileReference; lastKnownFileType = sourcecode.swift; path = CellButtons.swift; sourceTree = "<group>"; };
		91CAE450274622320020D0DB /* ButtonStyle.swift */ = {isa = PBXFileReference; lastKnownFileType = sourcecode.swift; path = ButtonStyle.swift; sourceTree = "<group>"; };
		91E78DE726A73E9D00A6913F /* MemoryView.swift */ = {isa = PBXFileReference; lastKnownFileType = sourcecode.swift; path = MemoryView.swift; sourceTree = "<group>"; };
/* End PBXFileReference section */

/* Begin PBXFrameworksBuildPhase section */
		91441A782697022400F44AE3 /* Frameworks */ = {
			isa = PBXFrameworksBuildPhase;
			buildActionMask = 2147483647;
			files = (
			);
			runOnlyForDeploymentPostprocessing = 0;
		};
/* End PBXFrameworksBuildPhase section */

/* Begin PBXGroup section */
		912B6B3526AF755400E78093 /* Image */ = {
			isa = PBXGroup;
			children = (
				912B6B3326AF754E00E78093 /* ImagePicker.swift */,
				910700E2274911E1004919C0 /* ImageCroppingView.swift */,
			);
			path = Image;
			sourceTree = "<group>";
		};
		91326C9C2698739F0044F71D /* Extensions */ = {
			isa = PBXGroup;
			children = (
				918495DA26C53AA100362A84 /* Helper.swift */,
				91326C96269872900044F71D /* View+Extensions.swift */,
				918495D426C5365500362A84 /* NSManaged+Helpers.swift */,
			);
			path = Extensions;
			sourceTree = "<group>";
		};
		91326C9D269873B30044F71D /* Styles */ = {
			isa = PBXGroup;
			children = (
				91326C99269872B50044F71D /* TextStyles.swift */,
				91CAE450274622320020D0DB /* ButtonStyle.swift */,
			);
			path = Styles;
			sourceTree = "<group>";
		};
		91326CA6269875260044F71D /* Models */ = {
			isa = PBXGroup;
			children = (
				910A0C4E274423B000E7A42D /* FolderModel.swift */,
				910A0C4D274423B000E7A42D /* MemoryModel.swift */,
			);
			path = Models;
			sourceTree = "<group>";
		};
		91441A722697022400F44AE3 = {
			isa = PBXGroup;
			children = (
				91441A7D2697022500F44AE3 /* memories */,
				91441A7C2697022400F44AE3 /* Products */,
			);
			sourceTree = "<group>";
		};
		91441A7C2697022400F44AE3 /* Products */ = {
			isa = PBXGroup;
			children = (
				91441A7B2697022400F44AE3 /* memories.app */,
			);
			name = Products;
			sourceTree = "<group>";
		};
		91441A7D2697022500F44AE3 /* memories */ = {
			isa = PBXGroup;
			children = (
				91441A7E2697022500F44AE3 /* memoriesApp.swift */,
				910A0C552744249400E7A42D /* Folder+CoreDataClass.swift */,
				910A0C562744249400E7A42D /* Folder+CoreDataProperties.swift */,
				910A0C582744249500E7A42D /* Memory+CoreDataClass.swift */,
				910A0C572744249500E7A42D /* Memory+CoreDataProperties.swift */,
				910A0C532744248A00E7A42D /* Persistence.swift */,
				91326CA6269875260044F71D /* Models */,
				91326C9C2698739F0044F71D /* Extensions */,
				91326C9D269873B30044F71D /* Styles */,
				912B6B3526AF755400E78093 /* Image */,
				91B0578626984CC6003E4963 /* Main pages */,
				91441A822697024500F44AE3 /* Assets.xcassets */,
				9171FFC826D7C72500924E2F /* Memories.xcdatamodeld */,
				91441A872697024500F44AE3 /* Info.plist */,
				91713F5326D561DE00311680 /* 1024_icon.png */,
				91441A842697024500F44AE3 /* Preview Content */,
			);
			path = memories;
			sourceTree = "<group>";
		};
		91441A842697024500F44AE3 /* Preview Content */ = {
			isa = PBXGroup;
			children = (
				91441A852697024500F44AE3 /* Preview Assets.xcassets */,
			);
			path = "Preview Content";
			sourceTree = "<group>";
		};
		91B0578626984CC6003E4963 /* Main pages */ = {
			isa = PBXGroup;
			children = (
				91CAE44E27453A4C0020D0DB /* CellButtons.swift */,
				91C0454626C7FE8400E29DDC /* Folder */,
				91C0454526C7FE6200E29DDC /* Memory */,
			);
			path = "Main pages";
			sourceTree = "<group>";
		};
		91C0454526C7FE6200E29DDC /* Memory */ = {
			isa = PBXGroup;
			children = (
				91B0578326984CBB003E4963 /* MemoriesView.swift */,
				91326CAA2698769B0044F71D /* MemoryCellView.swift */,
				91E78DE726A73E9D00A6913F /* MemoryView.swift */,
				91062D0226A1CB5100C44739 /* MemoryAddView.swift */,
				91C0454326C7FA4800E29DDC /* MemoryEditView.swift */,
			);
			path = Memory;
			sourceTree = "<group>";
		};
		91C0454626C7FE8400E29DDC /* Folder */ = {
			isa = PBXGroup;
			children = (
				91C0454726CA603600E29DDC /* FoldersView.swift */,
				91C0454926CA83F500E29DDC /* FolderCellView.swift */,
				91C0454B26CA858E00E29DDC /* FolderAddView.swift */,
				910700E02746EE42004919C0 /* FolderEditView.swift */,
			);
			path = Folder;
			sourceTree = "<group>";
		};
/* End PBXGroup section */

/* Begin PBXNativeTarget section */
		91441A7A2697022400F44AE3 /* memories */ = {
			isa = PBXNativeTarget;
			buildConfigurationList = 91441A8A2697024500F44AE3 /* Build configuration list for PBXNativeTarget "memories" */;
			buildPhases = (
				91441A772697022400F44AE3 /* Sources */,
				91441A782697022400F44AE3 /* Frameworks */,
				91441A792697022400F44AE3 /* Resources */,
			);
			buildRules = (
			);
			dependencies = (
			);
			name = memories;
			productName = memories;
			productReference = 91441A7B2697022400F44AE3 /* memories.app */;
			productType = "com.apple.product-type.application";
		};
/* End PBXNativeTarget section */

/* Begin PBXProject section */
		91441A732697022400F44AE3 /* Project object */ = {
			isa = PBXProject;
			attributes = {
				LastSwiftUpdateCheck = 1230;
				LastUpgradeCheck = 1230;
				TargetAttributes = {
					91441A7A2697022400F44AE3 = {
						CreatedOnToolsVersion = 12.3;
					};
				};
			};
			buildConfigurationList = 91441A762697022400F44AE3 /* Build configuration list for PBXProject "memories" */;
			compatibilityVersion = "Xcode 9.3";
			developmentRegion = en;
			hasScannedForEncodings = 0;
			knownRegions = (
				en,
				Base,
			);
			mainGroup = 91441A722697022400F44AE3;
			productRefGroup = 91441A7C2697022400F44AE3 /* Products */;
			projectDirPath = "";
			projectRoot = "";
			targets = (
				91441A7A2697022400F44AE3 /* memories */,
			);
		};
/* End PBXProject section */

/* Begin PBXResourcesBuildPhase section */
		91441A792697022400F44AE3 /* Resources */ = {
			isa = PBXResourcesBuildPhase;
			buildActionMask = 2147483647;
			files = (
				910A0C5D2744280B00E7A42D /* Memories.xcdatamodeld in Resources */,
				91441A862697024500F44AE3 /* Preview Assets.xcassets in Resources */,
				91441A832697024500F44AE3 /* Assets.xcassets in Resources */,
				91713F5426D561DE00311680 /* 1024_icon.png in Resources */,
			);
			runOnlyForDeploymentPostprocessing = 0;
		};
/* End PBXResourcesBuildPhase section */

/* Begin PBXSourcesBuildPhase section */
		91441A772697022400F44AE3 /* Sources */ = {
			isa = PBXSourcesBuildPhase;
			buildActionMask = 2147483647;
			files = (
				912B6B3426AF754F00E78093 /* ImagePicker.swift in Sources */,
				910A0C5A2744249500E7A42D /* Folder+CoreDataProperties.swift in Sources */,
				910A0C4F274423B000E7A42D /* MemoryModel.swift in Sources */,
				91C0454826CA603600E29DDC /* FoldersView.swift in Sources */,
				91CAE451274622320020D0DB /* ButtonStyle.swift in Sources */,
				918495DB26C53AA100362A84 /* Helper.swift in Sources */,
				910A0C5B2744249500E7A42D /* Memory+CoreDataProperties.swift in Sources */,
				91E78DE826A73E9D00A6913F /* MemoryView.swift in Sources */,
				918495D526C5365500362A84 /* NSManaged+Helpers.swift in Sources */,
				910A0C5C2744249500E7A42D /* Memory+CoreDataClass.swift in Sources */,
				91326CAB2698769B0044F71D /* MemoryCellView.swift in Sources */,
				910A0C542744248A00E7A42D /* Persistence.swift in Sources */,
				91C0454A26CA83F600E29DDC /* FolderCellView.swift in Sources */,
				91C0454426C7FA4800E29DDC /* MemoryEditView.swift in Sources */,
				91062D0326A1CB5100C44739 /* MemoryAddView.swift in Sources */,
				91326C97269872900044F71D /* View+Extensions.swift in Sources */,
				91326C9A269872B50044F71D /* TextStyles.swift in Sources */,
				91441A7F2697022500F44AE3 /* memoriesApp.swift in Sources */,
				910700E3274911E2004919C0 /* ImageCroppingView.swift in Sources */,
				91B0578426984CBB003E4963 /* MemoriesView.swift in Sources */,
				910A0C592744249500E7A42D /* Folder+CoreDataClass.swift in Sources */,
				910700E12746EE42004919C0 /* FolderEditView.swift in Sources */,
				910A0C50274423B000E7A42D /* FolderModel.swift in Sources */,
				91C0454C26CA858E00E29DDC /* FolderAddView.swift in Sources */,
				91CAE44F27453A4C0020D0DB /* CellButtons.swift in Sources */,
			);
			runOnlyForDeploymentPostprocessing = 0;
		};
/* End PBXSourcesBuildPhase section */

/* Begin XCBuildConfiguration section */
		91441A882697024500F44AE3 /* Debug */ = {
			isa = XCBuildConfiguration;
			buildSettings = {
				ALWAYS_SEARCH_USER_PATHS = NO;
				CLANG_ANALYZER_NONNULL = YES;
				CLANG_ANALYZER_NUMBER_OBJECT_CONVERSION = YES_AGGRESSIVE;
				CLANG_CXX_LANGUAGE_STANDARD = "gnu++14";
				CLANG_CXX_LIBRARY = "libc++";
				CLANG_ENABLE_MODULES = YES;
				CLANG_ENABLE_OBJC_ARC = YES;
				CLANG_ENABLE_OBJC_WEAK = YES;
				CLANG_WARN_BLOCK_CAPTURE_AUTORELEASING = YES;
				CLANG_WARN_BOOL_CONVERSION = YES;
				CLANG_WARN_COMMA = YES;
				CLANG_WARN_CONSTANT_CONVERSION = YES;
				CLANG_WARN_DEPRECATED_OBJC_IMPLEMENTATIONS = YES;
				CLANG_WARN_DIRECT_OBJC_ISA_USAGE = YES_ERROR;
				CLANG_WARN_DOCUMENTATION_COMMENTS = YES;
				CLANG_WARN_EMPTY_BODY = YES;
				CLANG_WARN_ENUM_CONVERSION = YES;
				CLANG_WARN_INFINITE_RECURSION = YES;
				CLANG_WARN_INT_CONVERSION = YES;
				CLANG_WARN_NON_LITERAL_NULL_CONVERSION = YES;
				CLANG_WARN_OBJC_IMPLICIT_RETAIN_SELF = YES;
				CLANG_WARN_OBJC_LITERAL_CONVERSION = YES;
				CLANG_WARN_OBJC_ROOT_CLASS = YES_ERROR;
				CLANG_WARN_QUOTED_INCLUDE_IN_FRAMEWORK_HEADER = YES;
				CLANG_WARN_RANGE_LOOP_ANALYSIS = YES;
				CLANG_WARN_STRICT_PROTOTYPES = YES;
				CLANG_WARN_SUSPICIOUS_MOVE = YES;
				CLANG_WARN_UNGUARDED_AVAILABILITY = YES_AGGRESSIVE;
				CLANG_WARN_UNREACHABLE_CODE = YES;
				CLANG_WARN__DUPLICATE_METHOD_MATCH = YES;
				COPY_PHASE_STRIP = NO;
				DEBUG_INFORMATION_FORMAT = dwarf;
				ENABLE_STRICT_OBJC_MSGSEND = YES;
				ENABLE_TESTABILITY = YES;
				GCC_C_LANGUAGE_STANDARD = gnu11;
				GCC_DYNAMIC_NO_PIC = NO;
				GCC_NO_COMMON_BLOCKS = YES;
				GCC_OPTIMIZATION_LEVEL = 0;
				GCC_PREPROCESSOR_DEFINITIONS = (
					"DEBUG=1",
					"$(inherited)",
				);
				GCC_WARN_64_TO_32_BIT_CONVERSION = YES;
				GCC_WARN_ABOUT_RETURN_TYPE = YES_ERROR;
				GCC_WARN_UNDECLARED_SELECTOR = YES;
				GCC_WARN_UNINITIALIZED_AUTOS = YES_AGGRESSIVE;
				GCC_WARN_UNUSED_FUNCTION = YES;
				GCC_WARN_UNUSED_VARIABLE = YES;
				IPHONEOS_DEPLOYMENT_TARGET = 15.0;
				MTL_ENABLE_DEBUG_INFO = INCLUDE_SOURCE;
				MTL_FAST_MATH = YES;
				ONLY_ACTIVE_ARCH = YES;
				SDKROOT = iphoneos;
				SWIFT_ACTIVE_COMPILATION_CONDITIONS = DEBUG;
				SWIFT_OPTIMIZATION_LEVEL = "-Onone";
			};
			name = Debug;
		};
		91441A892697024500F44AE3 /* Release */ = {
			isa = XCBuildConfiguration;
			buildSettings = {
				ALWAYS_SEARCH_USER_PATHS = NO;
				CLANG_ANALYZER_NONNULL = YES;
				CLANG_ANALYZER_NUMBER_OBJECT_CONVERSION = YES_AGGRESSIVE;
				CLANG_CXX_LANGUAGE_STANDARD = "gnu++14";
				CLANG_CXX_LIBRARY = "libc++";
				CLANG_ENABLE_MODULES = YES;
				CLANG_ENABLE_OBJC_ARC = YES;
				CLANG_ENABLE_OBJC_WEAK = YES;
				CLANG_WARN_BLOCK_CAPTURE_AUTORELEASING = YES;
				CLANG_WARN_BOOL_CONVERSION = YES;
				CLANG_WARN_COMMA = YES;
				CLANG_WARN_CONSTANT_CONVERSION = YES;
				CLANG_WARN_DEPRECATED_OBJC_IMPLEMENTATIONS = YES;
				CLANG_WARN_DIRECT_OBJC_ISA_USAGE = YES_ERROR;
				CLANG_WARN_DOCUMENTATION_COMMENTS = YES;
				CLANG_WARN_EMPTY_BODY = YES;
				CLANG_WARN_ENUM_CONVERSION = YES;
				CLANG_WARN_INFINITE_RECURSION = YES;
				CLANG_WARN_INT_CONVERSION = YES;
				CLANG_WARN_NON_LITERAL_NULL_CONVERSION = YES;
				CLANG_WARN_OBJC_IMPLICIT_RETAIN_SELF = YES;
				CLANG_WARN_OBJC_LITERAL_CONVERSION = YES;
				CLANG_WARN_OBJC_ROOT_CLASS = YES_ERROR;
				CLANG_WARN_QUOTED_INCLUDE_IN_FRAMEWORK_HEADER = YES;
				CLANG_WARN_RANGE_LOOP_ANALYSIS = YES;
				CLANG_WARN_STRICT_PROTOTYPES = YES;
				CLANG_WARN_SUSPICIOUS_MOVE = YES;
				CLANG_WARN_UNGUARDED_AVAILABILITY = YES_AGGRESSIVE;
				CLANG_WARN_UNREACHABLE_CODE = YES;
				CLANG_WARN__DUPLICATE_METHOD_MATCH = YES;
				COPY_PHASE_STRIP = NO;
				DEBUG_INFORMATION_FORMAT = "dwarf-with-dsym";
				ENABLE_NS_ASSERTIONS = NO;
				ENABLE_STRICT_OBJC_MSGSEND = YES;
				GCC_C_LANGUAGE_STANDARD = gnu11;
				GCC_NO_COMMON_BLOCKS = YES;
				GCC_WARN_64_TO_32_BIT_CONVERSION = YES;
				GCC_WARN_ABOUT_RETURN_TYPE = YES_ERROR;
				GCC_WARN_UNDECLARED_SELECTOR = YES;
				GCC_WARN_UNINITIALIZED_AUTOS = YES_AGGRESSIVE;
				GCC_WARN_UNUSED_FUNCTION = YES;
				GCC_WARN_UNUSED_VARIABLE = YES;
				IPHONEOS_DEPLOYMENT_TARGET = 15.0;
				MTL_ENABLE_DEBUG_INFO = NO;
				MTL_FAST_MATH = YES;
				SDKROOT = iphoneos;
				SWIFT_COMPILATION_MODE = wholemodule;
				SWIFT_OPTIMIZATION_LEVEL = "-O";
				VALIDATE_PRODUCT = YES;
			};
			name = Release;
		};
		91441A8B2697024500F44AE3 /* Debug */ = {
			isa = XCBuildConfiguration;
			buildSettings = {
				ASSETCATALOG_COMPILER_APPICON_NAME = AppIcon;
				ASSETCATALOG_COMPILER_GLOBAL_ACCENT_COLOR_NAME = AccentColor;
				CODE_SIGN_STYLE = Automatic;
				DEVELOPMENT_ASSET_PATHS = "\"memories/Preview Content\"";
				DEVELOPMENT_TEAM = 93HP7KN2HJ;
				ENABLE_PREVIEWS = YES;
				INFOPLIST_FILE = memories/Info.plist;
				IPHONEOS_DEPLOYMENT_TARGET = 15.0;
				LD_RUNPATH_SEARCH_PATHS = (
					"$(inherited)",
					"@executable_path/Frameworks",
				);
				PRODUCT_BUNDLE_IDENTIFIER = pamapp.memories;
				PRODUCT_NAME = "$(TARGET_NAME)";
				SWIFT_VERSION = 5.0;
				TARGETED_DEVICE_FAMILY = "1,2";
			};
			name = Debug;
		};
		91441A8C2697024500F44AE3 /* Release */ = {
			isa = XCBuildConfiguration;
			buildSettings = {
				ASSETCATALOG_COMPILER_APPICON_NAME = AppIcon;
				ASSETCATALOG_COMPILER_GLOBAL_ACCENT_COLOR_NAME = AccentColor;
				CODE_SIGN_STYLE = Automatic;
				DEVELOPMENT_ASSET_PATHS = "\"memories/Preview Content\"";
				DEVELOPMENT_TEAM = 93HP7KN2HJ;
				ENABLE_PREVIEWS = YES;
				INFOPLIST_FILE = memories/Info.plist;
				IPHONEOS_DEPLOYMENT_TARGET = 15.0;
				LD_RUNPATH_SEARCH_PATHS = (
					"$(inherited)",
					"@executable_path/Frameworks",
				);
				PRODUCT_BUNDLE_IDENTIFIER = pamapp.memories;
				PRODUCT_NAME = "$(TARGET_NAME)";
				SWIFT_VERSION = 5.0;
				TARGETED_DEVICE_FAMILY = "1,2";
			};
			name = Release;
		};
/* End XCBuildConfiguration section */

/* Begin XCConfigurationList section */
		91441A762697022400F44AE3 /* Build configuration list for PBXProject "memories" */ = {
			isa = XCConfigurationList;
			buildConfigurations = (
				91441A882697024500F44AE3 /* Debug */,
				91441A892697024500F44AE3 /* Release */,
			);
			defaultConfigurationIsVisible = 0;
			defaultConfigurationName = Release;
		};
		91441A8A2697024500F44AE3 /* Build configuration list for PBXNativeTarget "memories" */ = {
			isa = XCConfigurationList;
			buildConfigurations = (
				91441A8B2697024500F44AE3 /* Debug */,
				91441A8C2697024500F44AE3 /* Release */,
			);
			defaultConfigurationIsVisible = 0;
			defaultConfigurationName = Release;
		};
/* End XCConfigurationList section */

/* Begin XCVersionGroup section */
		9171FFC826D7C72500924E2F /* Memories.xcdatamodeld */ = {
			isa = XCVersionGroup;
			children = (
				9171FFC926D7C72500924E2F /* Commentarium.xcdatamodel */,
			);
			currentVersion = 9171FFC926D7C72500924E2F /* Commentarium.xcdatamodel */;
			name = Memories.xcdatamodeld;
			path = "../../../Downloads/Commentarium-main/Shared/Memories.xcdatamodeld";
			sourceTree = "<group>";
			versionGroupType = wrapper.xcdatamodel;
		};
/* End XCVersionGroup section */
	};
	rootObject = 91441A732697022400F44AE3 /* Project object */;
}
